Microsoft Visual Studio Solution File, Format Version 12.00
# Visual Studio Version 17
VisualStudioVersion = 17.5.2.0
MinimumVisualStudioVersion = 10.0.40219.1
Project("{FAE04EC0-301F-11D3-BF4B-00C04F79EFBC}") = "ControllFlowStatements", "ControllFlowStatements.csproj", "{FD59BFAC-5ADF-5149-5E27-3621E40C486D}"
EndProject
Global
	GlobalSection(SolutionConfigurationPlatforms) = preSolution
		Debug|Any CPU = Debug|Any CPU
		Release|Any CPU = Release|Any CPU
	EndGlobalSection
	GlobalSection(ProjectConfigurationPlatforms) = postSolution
		{FD59BFAC-5ADF-5149-5E27-3621E40C486D}.Debug|Any CPU.ActiveCfg = Debug|Any CPU
		{FD59BFAC-5ADF-5149-5E27-3621E40C486D}.Debug|Any CPU.Build.0 = Debug|Any CPU
		{FD59BFAC-5ADF-5149-5E27-3621E40C486D}.Release|Any CPU.ActiveCfg = Release|Any CPU
		{FD59BFAC-5ADF-5149-5E27-3621E40C486D}.Release|Any CPU.Build.0 = Release|Any CPU
	EndGlobalSection
	GlobalSection(SolutionProperties) = preSolution
		HideSolutionNode = FALSE
	EndGlobalSection
	GlobalSection(ExtensibilityGlobals) = postSolution
		SolutionGuid = {7EF9140F-E4A3-4E7A-83CA-0497DB21455B}
	EndGlobalSection
EndGlobal
