
Microsoft Visual Studio Solution File, Format Version 12.00
# Visual Studio Version 17
VisualStudioVersion = 17.14.36511.14 d17.14
MinimumVisualStudioVersion = 10.0.40219.1
Project("{FAE04EC0-301F-11D3-BF4B-00C04F79EFBC}") = "ConsoleApp", "ConsoleApp\ConsoleApp.csproj", "{1C473A34-B421-45D1-A1C4-E6358832853A}"
EndProject
Project("{FAE04EC0-301F-11D3-BF4B-00C04F79EFBC}") = "Variables", "Variables\Variables.csproj", "{A878961F-CEA5-4B1B-A3E1-A246CB8404E9}"
EndProject
Project("{FAE04EC0-301F-11D3-BF4B-00C04F79EFBC}") = "Methods", "Methods\Methods.csproj", "{31E4D7A7-B648-48DE-8540-4B9AFBBB5726}"
EndProject
Project("{FAE04EC0-301F-11D3-BF4B-00C04F79EFBC}") = "ControlFlowStatements", "ControlFlowStatements\ControlFlowStatements.csproj", "{A5D6C897-7134-4B0B-910C-8A2155B2693D}"
EndProject
Global
	GlobalSection(SolutionConfigurationPlatforms) = preSolution
		Debug|Any CPU = Debug|Any CPU
		Release|Any CPU = Release|Any CPU
	EndGlobalSection
	GlobalSection(ProjectConfigurationPlatforms) = postSolution
		{1C473A34-B421-45D1-A1C4-E6358832853A}.Debug|Any CPU.ActiveCfg = Debug|Any CPU
		{1C473A34-B421-45D1-A1C4-E6358832853A}.Debug|Any CPU.Build.0 = Debug|Any CPU
		{1C473A34-B421-45D1-A1C4-E6358832853A}.Release|Any CPU.ActiveCfg = Release|Any CPU
		{1C473A34-B421-45D1-A1C4-E6358832853A}.Release|Any CPU.Build.0 = Release|Any CPU
		{A878961F-CEA5-4B1B-A3E1-A246CB8404E9}.Debug|Any CPU.ActiveCfg = Debug|Any CPU
		{A878961F-CEA5-4B1B-A3E1-A246CB8404E9}.Debug|Any CPU.Build.0 = Debug|Any CPU
		{A878961F-CEA5-4B1B-A3E1-A246CB8404E9}.Release|Any CPU.ActiveCfg = Release|Any CPU
		{A878961F-CEA5-4B1B-A3E1-A246CB8404E9}.Release|Any CPU.Build.0 = Release|Any CPU
		{31E4D7A7-B648-48DE-8540-4B9AFBBB5726}.Debug|Any CPU.ActiveCfg = Debug|Any CPU
		{31E4D7A7-B648-48DE-8540-4B9AFBBB5726}.Debug|Any CPU.Build.0 = Debug|Any CPU
		{31E4D7A7-B648-48DE-8540-4B9AFBBB5726}.Release|Any CPU.ActiveCfg = Release|Any CPU
		{31E4D7A7-B648-48DE-8540-4B9AFBBB5726}.Release|Any CPU.Build.0 = Release|Any CPU
		{A5D6C897-7134-4B0B-910C-8A2155B2693D}.Debug|Any CPU.ActiveCfg = Debug|Any CPU
		{A5D6C897-7134-4B0B-910C-8A2155B2693D}.Debug|Any CPU.Build.0 = Debug|Any CPU
		{A5D6C897-7134-4B0B-910C-8A2155B2693D}.Release|Any CPU.ActiveCfg = Release|Any CPU
		{A5D6C897-7134-4B0B-910C-8A2155B2693D}.Release|Any CPU.Build.0 = Release|Any CPU
	EndGlobalSection
	GlobalSection(SolutionProperties) = preSolution
		HideSolutionNode = FALSE
	EndGlobalSection
	GlobalSection(ExtensibilityGlobals) = postSolution
		SolutionGuid = {6E1E4B58-7D2A-476A-97AA-5178FDA64CA5}
	EndGlobalSection
EndGlobal
